
Microsoft Visual Studio Solution File, Format Version 12.00
# Visual Studio Version 17
VisualStudioVersion = 17.7.34031.279
MinimumVisualStudioVersion = 10.0.40219.1
Project("{9A19103F-16F7-4668-BE54-9A1E7A4F7556}") = "WEB_153502_FEDORINCHIK", "WEB_153502_FEDORINCHIK\WEB_153502_FEDORINCHIK.csproj", "{4402595E-EE68-4402-A7FD-F9630081B6CF}"
EndProject
Project("{9A19103F-16F7-4668-BE54-9A1E7A4F7556}") = "WEB_153502_FEDORINCHIK.Domain", "WEB_153502_FEDORINCHIK.Domain\WEB_153502_FEDORINCHIK.Domain.csproj", "{6987FEE9-1051-4343-BB01-935CB1361A01}"
EndProject
Project("{FAE04EC0-301F-11D3-BF4B-00C04F79EFBC}") = "WEB_153502_FEDORINCHIK.API", "WEB_153502_FEDORINCHIK.API\WEB_153502_FEDORINCHIK.API.csproj", "{B3DF7914-B56C-452E-98DA-2F3874BE7D84}"
EndProject
Global
	GlobalSection(SolutionConfigurationPlatforms) = preSolution
		Debug|Any CPU = Debug|Any CPU
		Release|Any CPU = Release|Any CPU
	EndGlobalSection
	GlobalSection(ProjectConfigurationPlatforms) = postSolution
		{4402595E-EE68-4402-A7FD-F9630081B6CF}.Debug|Any CPU.ActiveCfg = Debug|Any CPU
		{4402595E-EE68-4402-A7FD-F9630081B6CF}.Debug|Any CPU.Build.0 = Debug|Any CPU
		{4402595E-EE68-4402-A7FD-F9630081B6CF}.Release|Any CPU.ActiveCfg = Release|Any CPU
		{4402595E-EE68-4402-A7FD-F9630081B6CF}.Release|Any CPU.Build.0 = Release|Any CPU
		{6987FEE9-1051-4343-BB01-935CB1361A01}.Debug|Any CPU.ActiveCfg = Debug|Any CPU
		{6987FEE9-1051-4343-BB01-935CB1361A01}.Debug|Any CPU.Build.0 = Debug|Any CPU
		{6987FEE9-1051-4343-BB01-935CB1361A01}.Release|Any CPU.ActiveCfg = Release|Any CPU
		{6987FEE9-1051-4343-BB01-935CB1361A01}.Release|Any CPU.Build.0 = Release|Any CPU
		{B3DF7914-B56C-452E-98DA-2F3874BE7D84}.Debug|Any CPU.ActiveCfg = Debug|Any CPU
		{B3DF7914-B56C-452E-98DA-2F3874BE7D84}.Debug|Any CPU.Build.0 = Debug|Any CPU
		{B3DF7914-B56C-452E-98DA-2F3874BE7D84}.Release|Any CPU.ActiveCfg = Release|Any CPU
		{B3DF7914-B56C-452E-98DA-2F3874BE7D84}.Release|Any CPU.Build.0 = Release|Any CPU
	EndGlobalSection
	GlobalSection(SolutionProperties) = preSolution
		HideSolutionNode = FALSE
	EndGlobalSection
	GlobalSection(ExtensibilityGlobals) = postSolution
		SolutionGuid = {9F7224B4-168A-43A9-A1B7-A0E38AE07A55}
	EndGlobalSection
EndGlobal
